Microsoft Visual Studio Solution File, Format Version 12.00
# Visual Studio Version 17
VisualStudioVersion = 17.5.2.0
MinimumVisualStudioVersion = 10.0.40219.1
Project("{FAE04EC0-301F-11D3-BF4B-00C04F79EFBC}") = "chatbox", "chatbox\chatbox.csproj", "{D4338A7F-E3CF-F743-0852-E5ADEF572646}"
EndProject
Global
	GlobalSection(SolutionConfigurationPlatforms) = preSolution
		Debug|Any CPU = Debug|Any CPU
		Release|Any CPU = Release|Any CPU
	EndGlobalSection
	GlobalSection(ProjectConfigurationPlatforms) = postSolution
		{D4338A7F-E3CF-F743-0852-E5ADEF572646}.Debug|Any CPU.ActiveCfg = Debug|Any CPU
		{D4338A7F-E3CF-F743-0852-E5ADEF572646}.Debug|Any CPU.Build.0 = Debug|Any CPU
		{D4338A7F-E3CF-F743-0852-E5ADEF572646}.Release|Any CPU.ActiveCfg = Release|Any CPU
		{D4338A7F-E3CF-F743-0852-E5ADEF572646}.Release|Any CPU.Build.0 = Release|Any CPU
	EndGlobalSection
	GlobalSection(SolutionProperties) = preSolution
		HideSolutionNode = FALSE
	EndGlobalSection
	GlobalSection(ExtensibilityGlobals) = postSolution
		SolutionGuid = {7381AF11-CD7C-423B-BC36-6D7FF785DD29}
	EndGlobalSection
EndGlobal
